
Microsoft Visual Studio Solution File, Format Version 12.00
# Visual Studio Version 17
VisualStudioVersion = 17.9.34714.143
MinimumVisualStudioVersion = 10.0.40219.1
Project("{FAE04EC0-301F-11D3-BF4B-00C04F79EFBC}") = "StarRailMod", "StarRailMod.csproj", "{0AD10AE8-C13C-4101-B37A-C8DC678D4B20}"
EndProject
Global
	GlobalSection(SolutionConfigurationPlatforms) = preSolution
		Debug|Any CPU = Debug|Any CPU
		Release|Any CPU = Release|Any CPU
	EndGlobalSection
	GlobalSection(ProjectConfigurationPlatforms) = postSolution
		{0AD10AE8-C13C-4101-B37A-C8DC678D4B20}.Debug|Any CPU.ActiveCfg = Debug|Any CPU
		{0AD10AE8-C13C-4101-B37A-C8DC678D4B20}.Debug|Any CPU.Build.0 = Debug|Any CPU
		{0AD10AE8-C13C-4101-B37A-C8DC678D4B20}.Release|Any CPU.ActiveCfg = Release|Any CPU
		{0AD10AE8-C13C-4101-B37A-C8DC678D4B20}.Release|Any CPU.Build.0 = Release|Any CPU
	EndGlobalSection
	GlobalSection(SolutionProperties) = preSolution
		HideSolutionNode = FALSE
	EndGlobalSection
	GlobalSection(ExtensibilityGlobals) = postSolution
		SolutionGuid = {5D806C9F-2452-4336-B22E-C77F81973C64}
	EndGlobalSection
EndGlobal
